// !$*UTF8*$!
{
	archiveVersion = 1;
	classes = {
	};
	objectVersion = 56;
	objects = {

/* Begin PBXBuildFile section */
		102BA4EB29E8CF4000056592 /* FruitNutrientsView.swift in Sources */ = {isa = PBXBuildFile; fileRef = 102BA4EA29E8CF4000056592 /* FruitNutrientsView.swift */; };
		102BA4EC29E8CF4000056592 /* FruitNutrientsView.swift in Sources */ = {isa = PBXBuildFile; fileRef = 102BA4EA29E8CF4000056592 /* FruitNutrientsView.swift */; };
		102BA4ED29E8CF4000056592 /* FruitNutrientsView.swift in Sources */ = {isa = PBXBuildFile; fileRef = 102BA4EA29E8CF4000056592 /* FruitNutrientsView.swift */; };
		102BA4EF29E927D600056592 /* SettingsView.swift in Sources */ = {isa = PBXBuildFile; fileRef = 102BA4EE29E927D600056592 /* SettingsView.swift */; };
		102BA4F029E927D600056592 /* SettingsView.swift in Sources */ = {isa = PBXBuildFile; fileRef = 102BA4EE29E927D600056592 /* SettingsView.swift */; };
		102BA4F129E927D600056592 /* SettingsView.swift in Sources */ = {isa = PBXBuildFile; fileRef = 102BA4EE29E927D600056592 /* SettingsView.swift */; };
		102BA4F329E9546000056592 /* SettingsLabelView.swift in Sources */ = {isa = PBXBuildFile; fileRef = 102BA4F229E9546000056592 /* SettingsLabelView.swift */; };
		102BA4F429E9546000056592 /* SettingsLabelView.swift in Sources */ = {isa = PBXBuildFile; fileRef = 102BA4F229E9546000056592 /* SettingsLabelView.swift */; };
		102BA4F529E9546000056592 /* SettingsLabelView.swift in Sources */ = {isa = PBXBuildFile; fileRef = 102BA4F229E9546000056592 /* SettingsLabelView.swift */; };
		109B37E629DE481200DCA928 /* FructusApp.swift in Sources */ = {isa = PBXBuildFile; fileRef = 109B37E529DE481200DCA928 /* FructusApp.swift */; };
		109B37E829DE481200DCA928 /* ContentView.swift in Sources */ = {isa = PBXBuildFile; fileRef = 109B37E729DE481200DCA928 /* ContentView.swift */; };
		109B37EA29DE481300DCA928 /* Assets.xcassets in Resources */ = {isa = PBXBuildFile; fileRef = 109B37E929DE481300DCA928 /* Assets.xcassets */; };
		109B37ED29DE481300DCA928 /* Preview Assets.xcassets in Resources */ = {isa = PBXBuildFile; fileRef = 109B37EC29DE481300DCA928 /* Preview Assets.xcassets */; };
		109B37F729DE481300DCA928 /* FructusTests.swift in Sources */ = {isa = PBXBuildFile; fileRef = 109B37F629DE481300DCA928 /* FructusTests.swift */; };
		109B380129DE481300DCA928 /* FructusUITests.swift in Sources */ = {isa = PBXBuildFile; fileRef = 109B380029DE481300DCA928 /* FructusUITests.swift */; };
		109B380329DE481300DCA928 /* FructusUITestsLaunchTests.swift in Sources */ = {isa = PBXBuildFile; fileRef = 109B380229DE481300DCA928 /* FructusUITestsLaunchTests.swift */; };
		109B381229DED71300DCA928 /* FruitCardView.swift in Sources */ = {isa = PBXBuildFile; fileRef = 109B381129DED71300DCA928 /* FruitCardView.swift */; };
		109B381329DED71300DCA928 /* FruitCardView.swift in Sources */ = {isa = PBXBuildFile; fileRef = 109B381129DED71300DCA928 /* FruitCardView.swift */; };
		109B381429DED71300DCA928 /* FruitCardView.swift in Sources */ = {isa = PBXBuildFile; fileRef = 109B381129DED71300DCA928 /* FruitCardView.swift */; };
		109B381629DF05DC00DCA928 /* StartButtonVIew.swift in Sources */ = {isa = PBXBuildFile; fileRef = 109B381529DF05DC00DCA928 /* StartButtonVIew.swift */; };
		109B381729DF05DC00DCA928 /* StartButtonVIew.swift in Sources */ = {isa = PBXBuildFile; fileRef = 109B381529DF05DC00DCA928 /* StartButtonVIew.swift */; };
		109B381829DF05DC00DCA928 /* StartButtonVIew.swift in Sources */ = {isa = PBXBuildFile; fileRef = 109B381529DF05DC00DCA928 /* StartButtonVIew.swift */; };
		109B381A29DF3AB400DCA928 /* OnboardingView.swift in Sources */ = {isa = PBXBuildFile; fileRef = 109B381929DF3AB400DCA928 /* OnboardingView.swift */; };
		109B381B29DF3AB400DCA928 /* OnboardingView.swift in Sources */ = {isa = PBXBuildFile; fileRef = 109B381929DF3AB400DCA928 /* OnboardingView.swift */; };
		109B381C29DF3AB400DCA928 /* OnboardingView.swift in Sources */ = {isa = PBXBuildFile; fileRef = 109B381929DF3AB400DCA928 /* OnboardingView.swift */; };
		109B381F29DF419100DCA928 /* Fruit Model.swift in Sources */ = {isa = PBXBuildFile; fileRef = 109B381E29DF419100DCA928 /* Fruit Model.swift */; };
		109B382029DF419100DCA928 /* Fruit Model.swift in Sources */ = {isa = PBXBuildFile; fileRef = 109B381E29DF419100DCA928 /* Fruit Model.swift */; };
		109B382129DF419100DCA928 /* Fruit Model.swift in Sources */ = {isa = PBXBuildFile; fileRef = 109B381E29DF419100DCA928 /* Fruit Model.swift */; };
		109B382429DF92D500DCA928 /* FruitData.swift in Sources */ = {isa = PBXBuildFile; fileRef = 109B382329DF92D500DCA928 /* FruitData.swift */; };
		109B382529DF92D500DCA928 /* FruitData.swift in Sources */ = {isa = PBXBuildFile; fileRef = 109B382329DF92D500DCA928 /* FruitData.swift */; };
		109B382629DF92D500DCA928 /* FruitData.swift in Sources */ = {isa = PBXBuildFile; fileRef = 109B382329DF92D500DCA928 /* FruitData.swift */; };
		10EA3BB929E2FA630068E131 /* FruitRowView.swift in Sources */ = {isa = PBXBuildFile; fileRef = 10EA3BB829E2FA630068E131 /* FruitRowView.swift */; };
		10EA3BBA29E2FA630068E131 /* FruitRowView.swift in Sources */ = {isa = PBXBuildFile; fileRef = 10EA3BB829E2FA630068E131 /* FruitRowView.swift */; };
		10EA3BBB29E2FA630068E131 /* FruitRowView.swift in Sources */ = {isa = PBXBuildFile; fileRef = 10EA3BB829E2FA630068E131 /* FruitRowView.swift */; };
		10EA3C0A29E7FD4B0068E131 /* FruitDetailView.swift in Sources */ = {isa = PBXBuildFile; fileRef = 10EA3C0929E7FD4B0068E131 /* FruitDetailView.swift */; };
		10EA3C0B29E7FD4B0068E131 /* FruitDetailView.swift in Sources */ = {isa = PBXBuildFile; fileRef = 10EA3C0929E7FD4B0068E131 /* FruitDetailView.swift */; };
		10EA3C0C29E7FD4B0068E131 /* FruitDetailView.swift in Sources */ = {isa = PBXBuildFile; fileRef = 10EA3C0929E7FD4B0068E131 /* FruitDetailView.swift */; };
		10EA3C0E29E7FDE20068E131 /* DemoNewFileView.swift in Sources */ = {isa = PBXBuildFile; fileRef = 10EA3C0D29E7FDE20068E131 /* DemoNewFileView.swift */; };
		10EA3C0F29E7FDE20068E131 /* DemoNewFileView.swift in Sources */ = {isa = PBXBuildFile; fileRef = 10EA3C0D29E7FDE20068E131 /* DemoNewFileView.swift */; };
		10EA3C1029E7FDE20068E131 /* DemoNewFileView.swift in Sources */ = {isa = PBXBuildFile; fileRef = 10EA3C0D29E7FDE20068E131 /* DemoNewFileView.swift */; };
		10EA3C1229E840A90068E131 /* FruitHeaderView.swift in Sources */ = {isa = PBXBuildFile; fileRef = 10EA3C1129E840A90068E131 /* FruitHeaderView.swift */; };
		10EA3C1329E840A90068E131 /* FruitHeaderView.swift in Sources */ = {isa = PBXBuildFile; fileRef = 10EA3C1129E840A90068E131 /* FruitHeaderView.swift */; };
		10EA3C1429E840A90068E131 /* FruitHeaderView.swift in Sources */ = {isa = PBXBuildFile; fileRef = 10EA3C1129E840A90068E131 /* FruitHeaderView.swift */; };
		10EA3C1629E86F490068E131 /* SourceLinkView.swift in Sources */ = {isa = PBXBuildFile; fileRef = 10EA3C1529E86F490068E131 /* SourceLinkView.swift */; };
		10EA3C1729E86F490068E131 /* SourceLinkView.swift in Sources */ = {isa = PBXBuildFile; fileRef = 10EA3C1529E86F490068E131 /* SourceLinkView.swift */; };
		10EA3C1829E86F490068E131 /* SourceLinkView.swift in Sources */ = {isa = PBXBuildFile; fileRef = 10EA3C1529E86F490068E131 /* SourceLinkView.swift */; };
/* End PBXBuildFile section */

/* Begin PBXContainerItemProxy section */
		109B37F329DE481300DCA928 /* PBXContainerItemProxy */ = {
			isa = PBXContainerItemProxy;
			containerPortal = 109B37DA29DE481200DCA928 /* Project object */;
			proxyType = 1;
			remoteGlobalIDString = 109B37E129DE481200DCA928;
			remoteInfo = Fructus;
		};
		109B37FD29DE481300DCA928 /* PBXContainerItemProxy */ = {
			isa = PBXContainerItemProxy;
			containerPortal = 109B37DA29DE481200DCA928 /* Project object */;
			proxyType = 1;
			remoteGlobalIDString = 109B37E129DE481200DCA928;
			remoteInfo = Fructus;
		};
/* End PBXContainerItemProxy section */

/* Begin PBXFileReference section */
		102BA4EA29E8CF4000056592 /* FruitNutrientsView.swift */ = {isa = PBXFileReference; lastKnownFileType = sourcecode.swift; path = FruitNutrientsView.swift; sourceTree = "<group>"; };
		102BA4EE29E927D600056592 /* SettingsView.swift */ = {isa = PBXFileReference; lastKnownFileType = sourcecode.swift; path = SettingsView.swift; sourceTree = "<group>"; };
		102BA4F229E9546000056592 /* SettingsLabelView.swift */ = {isa = PBXFileReference; lastKnownFileType = sourcecode.swift; path = SettingsLabelView.swift; sourceTree = "<group>"; };
		109B37E229DE481200DCA928 /* Fructus.app */ = {isa = PBXFileReference; explicitFileType = wrapper.application; includeInIndex = 0; path = Fructus.app; sourceTree = BUILT_PRODUCTS_DIR; };
		109B37E529DE481200DCA928 /* FructusApp.swift */ = {isa = PBXFileReference; lastKnownFileType = sourcecode.swift; path = FructusApp.swift; sourceTree = "<group>"; };
		109B37E729DE481200DCA928 /* ContentView.swift */ = {isa = PBXFileReference; lastKnownFileType = sourcecode.swift; path = ContentView.swift; sourceTree = "<group>"; };
		109B37E929DE481300DCA928 /* Assets.xcassets */ = {isa = PBXFileReference; lastKnownFileType = folder.assetcatalog; path = Assets.xcassets; sourceTree = "<group>"; };
		109B37EC29DE481300DCA928 /* Preview Assets.xcassets */ = {isa = PBXFileReference; lastKnownFileType = folder.assetcatalog; path = "Preview Assets.xcassets"; sourceTree = "<group>"; };
		109B37F229DE481300DCA928 /* FructusTests.xctest */ = {isa = PBXFileReference; explicitFileType = wrapper.cfbundle; includeInIndex = 0; path = FructusTests.xctest; sourceTree = BUILT_PRODUCTS_DIR; };
		109B37F629DE481300DCA928 /* FructusTests.swift */ = {isa = PBXFileReference; lastKnownFileType = sourcecode.swift; path = FructusTests.swift; sourceTree = "<group>"; };
		109B37FC29DE481300DCA928 /* FructusUITests.xctest */ = {isa = PBXFileReference; explicitFileType = wrapper.cfbundle; includeInIndex = 0; path = FructusUITests.xctest; sourceTree = BUILT_PRODUCTS_DIR; };
		109B380029DE481300DCA928 /* FructusUITests.swift */ = {isa = PBXFileReference; lastKnownFileType = sourcecode.swift; path = FructusUITests.swift; sourceTree = "<group>"; };
		109B380229DE481300DCA928 /* FructusUITestsLaunchTests.swift */ = {isa = PBXFileReference; lastKnownFileType = sourcecode.swift; path = FructusUITestsLaunchTests.swift; sourceTree = "<group>"; };
		109B381129DED71300DCA928 /* FruitCardView.swift */ = {isa = PBXFileReference; lastKnownFileType = sourcecode.swift; path = FruitCardView.swift; sourceTree = "<group>"; };
		109B381529DF05DC00DCA928 /* StartButtonVIew.swift */ = {isa = PBXFileReference; lastKnownFileType = sourcecode.swift; path = StartButtonVIew.swift; sourceTree = "<group>"; };
		109B381929DF3AB400DCA928 /* OnboardingView.swift */ = {isa = PBXFileReference; lastKnownFileType = sourcecode.swift; path = OnboardingView.swift; sourceTree = "<group>"; };
		109B381E29DF419100DCA928 /* Fruit Model.swift */ = {isa = PBXFileReference; lastKnownFileType = sourcecode.swift; path = "Fruit Model.swift"; sourceTree = "<group>"; };
		109B382329DF92D500DCA928 /* FruitData.swift */ = {isa = PBXFileReference; lastKnownFileType = sourcecode.swift; path = FruitData.swift; sourceTree = "<group>"; };
		10EA3BB829E2FA630068E131 /* FruitRowView.swift */ = {isa = PBXFileReference; lastKnownFileType = sourcecode.swift; path = FruitRowView.swift; sourceTree = "<group>"; };
		10EA3C0929E7FD4B0068E131 /* FruitDetailView.swift */ = {isa = PBXFileReference; lastKnownFileType = sourcecode.swift; path = FruitDetailView.swift; sourceTree = "<group>"; };
		10EA3C0D29E7FDE20068E131 /* DemoNewFileView.swift */ = {isa = PBXFileReference; lastKnownFileType = sourcecode.swift; path = DemoNewFileView.swift; sourceTree = "<group>"; };
		10EA3C1129E840A90068E131 /* FruitHeaderView.swift */ = {isa = PBXFileReference; lastKnownFileType = sourcecode.swift; path = FruitHeaderView.swift; sourceTree = "<group>"; };
		10EA3C1529E86F490068E131 /* SourceLinkView.swift */ = {isa = PBXFileReference; lastKnownFileType = sourcecode.swift; path = SourceLinkView.swift; sourceTree = "<group>"; };
/* End PBXFileReference section */

/* Begin PBXFrameworksBuildPhase section */
		109B37DF29DE481200DCA928 /* Frameworks */ = {
			isa = PBXFrameworksBuildPhase;
			buildActionMask = 2147483647;
			files = (
			);
			runOnlyForDeploymentPostprocessing = 0;
		};
		109B37EF29DE481300DCA928 /* Frameworks */ = {
			isa = PBXFrameworksBuildPhase;
			buildActionMask = 2147483647;
			files = (
			);
			runOnlyForDeploymentPostprocessing = 0;
		};
		109B37F929DE481300DCA928 /* Frameworks */ = {
			isa = PBXFrameworksBuildPhase;
			buildActionMask = 2147483647;
			files = (
			);
			runOnlyForDeploymentPostprocessing = 0;
		};
/* End PBXFrameworksBuildPhase section */

/* Begin PBXGroup section */
		109B37D929DE481200DCA928 = {
			isa = PBXGroup;
			children = (
				109B37E429DE481200DCA928 /* Fructus */,
				109B37F529DE481300DCA928 /* FructusTests */,
				109B37FF29DE481300DCA928 /* FructusUITests */,
				109B37E329DE481200DCA928 /* Products */,
			);
			sourceTree = "<group>";
		};
		109B37E329DE481200DCA928 /* Products */ = {
			isa = PBXGroup;
			children = (
				109B37E229DE481200DCA928 /* Fructus.app */,
				109B37F229DE481300DCA928 /* FructusTests.xctest */,
				109B37FC29DE481300DCA928 /* FructusUITests.xctest */,
			);
			name = Products;
			sourceTree = "<group>";
		};
		109B37E429DE481200DCA928 /* Fructus */ = {
			isa = PBXGroup;
			children = (
				10EA3C0D29E7FDE20068E131 /* DemoNewFileView.swift */,
				109B380F29DED5C200DCA928 /* App */,
				109B381029DED6B700DCA928 /* View */,
				109B382229DF92A200DCA928 /* Data */,
				109B381D29DF416A00DCA928 /* Model */,
				109B37E929DE481300DCA928 /* Assets.xcassets */,
				109B37EB29DE481300DCA928 /* Preview Content */,
			);
			path = Fructus;
			sourceTree = "<group>";
		};
		109B37EB29DE481300DCA928 /* Preview Content */ = {
			isa = PBXGroup;
			children = (
				109B37EC29DE481300DCA928 /* Preview Assets.xcassets */,
			);
			path = "Preview Content";
			sourceTree = "<group>";
		};
		109B37F529DE481300DCA928 /* FructusTests */ = {
			isa = PBXGroup;
			children = (
				109B37F629DE481300DCA928 /* FructusTests.swift */,
			);
			path = FructusTests;
			sourceTree = "<group>";
		};
		109B37FF29DE481300DCA928 /* FructusUITests */ = {
			isa = PBXGroup;
			children = (
				109B380029DE481300DCA928 /* FructusUITests.swift */,
				109B380229DE481300DCA928 /* FructusUITestsLaunchTests.swift */,
			);
			path = FructusUITests;
			sourceTree = "<group>";
		};
		109B380F29DED5C200DCA928 /* App */ = {
			isa = PBXGroup;
			children = (
				109B37E529DE481200DCA928 /* FructusApp.swift */,
				109B37E729DE481200DCA928 /* ContentView.swift */,
				109B381929DF3AB400DCA928 /* OnboardingView.swift */,
				10EA3C0929E7FD4B0068E131 /* FruitDetailView.swift */,
				102BA4EE29E927D600056592 /* SettingsView.swift */,
			);
			path = App;
			sourceTree = "<group>";
		};
		109B381029DED6B700DCA928 /* View */ = {
			isa = PBXGroup;
			children = (
				109B381129DED71300DCA928 /* FruitCardView.swift */,
				109B381529DF05DC00DCA928 /* StartButtonVIew.swift */,
				10EA3BB829E2FA630068E131 /* FruitRowView.swift */,
				10EA3C1129E840A90068E131 /* FruitHeaderView.swift */,
				10EA3C1529E86F490068E131 /* SourceLinkView.swift */,
				102BA4EA29E8CF4000056592 /* FruitNutrientsView.swift */,
				102BA4F229E9546000056592 /* SettingsLabelView.swift */,
			);
			path = View;
			sourceTree = "<group>";
		};
		109B381D29DF416A00DCA928 /* Model */ = {
			isa = PBXGroup;
			children = (
				109B381E29DF419100DCA928 /* Fruit Model.swift */,
			);
			path = Model;
			sourceTree = "<group>";
		};
		109B382229DF92A200DCA928 /* Data */ = {
			isa = PBXGroup;
			children = (
				109B382329DF92D500DCA928 /* FruitData.swift */,
			);
			path = Data;
			sourceTree = "<group>";
		};
/* End PBXGroup section */

/* Begin PBXNativeTarget section */
		109B37E129DE481200DCA928 /* Fructus */ = {
			isa = PBXNativeTarget;
			buildConfigurationList = 109B380629DE481300DCA928 /* Build configuration list for PBXNativeTarget "Fructus" */;
			buildPhases = (
				109B37DE29DE481200DCA928 /* Sources */,
				109B37DF29DE481200DCA928 /* Frameworks */,
				109B37E029DE481200DCA928 /* Resources */,
			);
			buildRules = (
			);
			dependencies = (
			);
			name = Fructus;
			productName = Fructus;
			productReference = 109B37E229DE481200DCA928 /* Fructus.app */;
			productType = "com.apple.product-type.application";
		};
		109B37F129DE481300DCA928 /* FructusTests */ = {
			isa = PBXNativeTarget;
			buildConfigurationList = 109B380929DE481300DCA928 /* Build configuration list for PBXNativeTarget "FructusTests" */;
			buildPhases = (
				109B37EE29DE481300DCA928 /* Sources */,
				109B37EF29DE481300DCA928 /* Frameworks */,
				109B37F029DE481300DCA928 /* Resources */,
			);
			buildRules = (
			);
			dependencies = (
				109B37F429DE481300DCA928 /* PBXTargetDependency */,
			);
			name = FructusTests;
			productName = FructusTests;
			productReference = 109B37F229DE481300DCA928 /* FructusTests.xctest */;
			productType = "com.apple.product-type.bundle.unit-test";
		};
		109B37FB29DE481300DCA928 /* FructusUITests */ = {
			isa = PBXNativeTarget;
			buildConfigurationList = 109B380C29DE481300DCA928 /* Build configuration list for PBXNativeTarget "FructusUITests" */;
			buildPhases = (
				109B37F829DE481300DCA928 /* Sources */,
				109B37F929DE481300DCA928 /* Frameworks */,
				109B37FA29DE481300DCA928 /* Resources */,
			);
			buildRules = (
			);
			dependencies = (
				109B37FE29DE481300DCA928 /* PBXTargetDependency */,
			);
			name = FructusUITests;
			productName = FructusUITests;
			productReference = 109B37FC29DE481300DCA928 /* FructusUITests.xctest */;
			productType = "com.apple.product-type.bundle.ui-testing";
		};
/* End PBXNativeTarget section */

/* Begin PBXProject section */
		109B37DA29DE481200DCA928 /* Project object */ = {
			isa = PBXProject;
			attributes = {
				BuildIndependentTargetsInParallel = 1;
				LastSwiftUpdateCheck = 1430;
				LastUpgradeCheck = 1430;
				TargetAttributes = {
					109B37E129DE481200DCA928 = {
						CreatedOnToolsVersion = 14.3;
					};
					109B37F129DE481300DCA928 = {
						CreatedOnToolsVersion = 14.3;
						TestTargetID = 109B37E129DE481200DCA928;
					};
					109B37FB29DE481300DCA928 = {
						CreatedOnToolsVersion = 14.3;
						TestTargetID = 109B37E129DE481200DCA928;
					};
				};
			};
			buildConfigurationList = 109B37DD29DE481200DCA928 /* Build configuration list for PBXProject "Fructus" */;
			compatibilityVersion = "Xcode 14.0";
			developmentRegion = en;
			hasScannedForEncodings = 0;
			knownRegions = (
				en,
				Base,
			);
			mainGroup = 109B37D929DE481200DCA928;
			productRefGroup = 109B37E329DE481200DCA928 /* Products */;
			projectDirPath = "";
			projectRoot = "";
			targets = (
				109B37E129DE481200DCA928 /* Fructus */,
				109B37F129DE481300DCA928 /* FructusTests */,
				109B37FB29DE481300DCA928 /* FructusUITests */,
			);
		};
/* End PBXProject section */

/* Begin PBXResourcesBuildPhase section */
		109B37E029DE481200DCA928 /* Resources */ = {
			isa = PBXResourcesBuildPhase;
			buildActionMask = 2147483647;
			files = (
				109B37ED29DE481300DCA928 /* Preview Assets.xcassets in Resources */,
				109B37EA29DE481300DCA928 /* Assets.xcassets in Resources */,
			);
			runOnlyForDeploymentPostprocessing = 0;
		};
		109B37F029DE481300DCA928 /* Resources */ = {
			isa = PBXResourcesBuildPhase;
			buildActionMask = 2147483647;
			files = (
			);
			runOnlyForDeploymentPostprocessing = 0;
		};
		109B37FA29DE481300DCA928 /* Resources */ = {
			isa = PBXResourcesBuildPhase;
			buildActionMask = 2147483647;
			files = (
			);
			runOnlyForDeploymentPostprocessing = 0;
		};
/* End PBXResourcesBuildPhase section */

/* Begin PBXSourcesBuildPhase section */
		109B37DE29DE481200DCA928 /* Sources */ = {
			isa = PBXSourcesBuildPhase;
			buildActionMask = 2147483647;
			files = (
				109B382429DF92D500DCA928 /* FruitData.swift in Sources */,
				109B381229DED71300DCA928 /* FruitCardView.swift in Sources */,
				10EA3BB929E2FA630068E131 /* FruitRowView.swift in Sources */,
				102BA4EB29E8CF4000056592 /* FruitNutrientsView.swift in Sources */,
				109B381629DF05DC00DCA928 /* StartButtonVIew.swift in Sources */,
				10EA3C0A29E7FD4B0068E131 /* FruitDetailView.swift in Sources */,
				109B37E829DE481200DCA928 /* ContentView.swift in Sources */,
				102BA4EF29E927D600056592 /* SettingsView.swift in Sources */,
				10EA3C0E29E7FDE20068E131 /* DemoNewFileView.swift in Sources */,
				10EA3C1229E840A90068E131 /* FruitHeaderView.swift in Sources */,
				109B381A29DF3AB400DCA928 /* OnboardingView.swift in Sources */,
				10EA3C1629E86F490068E131 /* SourceLinkView.swift in Sources */,
				102BA4F329E9546000056592 /* SettingsLabelView.swift in Sources */,
				109B37E629DE481200DCA928 /* FructusApp.swift in Sources */,
				109B381F29DF419100DCA928 /* Fruit Model.swift in Sources */,
			);
			runOnlyForDeploymentPostprocessing = 0;
		};
		109B37EE29DE481300DCA928 /* Sources */ = {
			isa = PBXSourcesBuildPhase;
			buildActionMask = 2147483647;
			files = (
				10EA3C0B29E7FD4B0068E131 /* FruitDetailView.swift in Sources */,
				10EA3C1729E86F490068E131 /* SourceLinkView.swift in Sources */,
				102BA4F429E9546000056592 /* SettingsLabelView.swift in Sources */,
				109B37F729DE481300DCA928 /* FructusTests.swift in Sources */,
				10EA3C0F29E7FDE20068E131 /* DemoNewFileView.swift in Sources */,
				102BA4EC29E8CF4000056592 /* FruitNutrientsView.swift in Sources */,
				109B381B29DF3AB400DCA928 /* OnboardingView.swift in Sources */,
				10EA3BBA29E2FA630068E131 /* FruitRowView.swift in Sources */,
				109B382529DF92D500DCA928 /* FruitData.swift in Sources */,
				10EA3C1329E840A90068E131 /* FruitHeaderView.swift in Sources */,
				109B382029DF419100DCA928 /* Fruit Model.swift in Sources */,
				109B381729DF05DC00DCA928 /* StartButtonVIew.swift in Sources */,
				109B381329DED71300DCA928 /* FruitCardView.swift in Sources */,
				102BA4F029E927D600056592 /* SettingsView.swift in Sources */,
			);
			runOnlyForDeploymentPostprocessing = 0;
		};
		109B37F829DE481300DCA928 /* Sources */ = {
			isa = PBXSourcesBuildPhase;
			buildActionMask = 2147483647;
			files = (
				109B382629DF92D500DCA928 /* FruitData.swift in Sources */,
				109B381429DED71300DCA928 /* FruitCardView.swift in Sources */,
				10EA3BBB29E2FA630068E131 /* FruitRowView.swift in Sources */,
				102BA4ED29E8CF4000056592 /* FruitNutrientsView.swift in Sources */,
				109B381829DF05DC00DCA928 /* StartButtonVIew.swift in Sources */,
				10EA3C0C29E7FD4B0068E131 /* FruitDetailView.swift in Sources */,
				109B380129DE481300DCA928 /* FructusUITests.swift in Sources */,
				102BA4F129E927D600056592 /* SettingsView.swift in Sources */,
				10EA3C1029E7FDE20068E131 /* DemoNewFileView.swift in Sources */,
				10EA3C1429E840A90068E131 /* FruitHeaderView.swift in Sources */,
				109B381C29DF3AB400DCA928 /* OnboardingView.swift in Sources */,
				10EA3C1829E86F490068E131 /* SourceLinkView.swift in Sources */,
				102BA4F529E9546000056592 /* SettingsLabelView.swift in Sources */,
				109B380329DE481300DCA928 /* FructusUITestsLaunchTests.swift in Sources */,
				109B382129DF419100DCA928 /* Fruit Model.swift in Sources */,
			);
			runOnlyForDeploymentPostprocessing = 0;
		};
/* End PBXSourcesBuildPhase section */

/* Begin PBXTargetDependency section */
		109B37F429DE481300DCA928 /* PBXTargetDependency */ = {
			isa = PBXTargetDependency;
			target = 109B37E129DE481200DCA928 /* Fructus */;
			targetProxy = 109B37F329DE481300DCA928 /* PBXContainerItemProxy */;
		};
		109B37FE29DE481300DCA928 /* PBXTargetDependency */ = {
			isa = PBXTargetDependency;
			target = 109B37E129DE481200DCA928 /* Fructus */;
			targetProxy = 109B37FD29DE481300DCA928 /* PBXContainerItemProxy */;
		};
/* End PBXTargetDependency section */

/* Begin XCBuildConfiguration section */
		109B380429DE481300DCA928 /* Debug */ = {
			isa = XCBuildConfiguration;
			buildSettings = {
				ALWAYS_SEARCH_USER_PATHS = NO;
				CLANG_ANALYZER_NONNULL = YES;
				CLANG_ANALYZER_NUMBER_OBJECT_CONVERSION = YES_AGGRESSIVE;
				CLANG_CXX_LANGUAGE_STANDARD = "gnu++20";
				CLANG_ENABLE_MODULES = YES;
				CLANG_ENABLE_OBJC_ARC = YES;
				CLANG_ENABLE_OBJC_WEAK = YES;
				CLANG_WARN_BLOCK_CAPTURE_AUTORELEASING = YES;
				CLANG_WARN_BOOL_CONVERSION = YES;
				CLANG_WARN_COMMA = YES;
				CLANG_WARN_CONSTANT_CONVERSION = YES;
				CLANG_WARN_DEPRECATED_OBJC_IMPLEMENTATIONS = YES;
				CLANG_WARN_DIRECT_OBJC_ISA_USAGE = YES_ERROR;
				CLANG_WARN_DOCUMENTATION_COMMENTS = YES;
				CLANG_WARN_EMPTY_BODY = YES;
				CLANG_WARN_ENUM_CONVERSION = YES;
				CLANG_WARN_INFINITE_RECURSION = YES;
				CLANG_WARN_INT_CONVERSION = YES;
				CLANG_WARN_NON_LITERAL_NULL_CONVERSION = YES;
				CLANG_WARN_OBJC_IMPLICIT_RETAIN_SELF = YES;
				CLANG_WARN_OBJC_LITERAL_CONVERSION = YES;
				CLANG_WARN_OBJC_ROOT_CLASS = YES_ERROR;
				CLANG_WARN_QUOTED_INCLUDE_IN_FRAMEWORK_HEADER = YES;
				CLANG_WARN_RANGE_LOOP_ANALYSIS = YES;
				CLANG_WARN_STRICT_PROTOTYPES = YES;
				CLANG_WARN_SUSPICIOUS_MOVE = YES;
				CLANG_WARN_UNGUARDED_AVAILABILITY = YES_AGGRESSIVE;
				CLANG_WARN_UNREACHABLE_CODE = YES;
				CLANG_WARN__DUPLICATE_METHOD_MATCH = YES;
				COPY_PHASE_STRIP = NO;
				DEBUG_INFORMATION_FORMAT = dwarf;
				ENABLE_STRICT_OBJC_MSGSEND = YES;
				ENABLE_TESTABILITY = YES;
				GCC_C_LANGUAGE_STANDARD = gnu11;
				GCC_DYNAMIC_NO_PIC = NO;
				GCC_NO_COMMON_BLOCKS = YES;
				GCC_OPTIMIZATION_LEVEL = 0;
				GCC_PREPROCESSOR_DEFINITIONS = (
					"DEBUG=1",
					"$(inherited)",
				);
				GCC_WARN_64_TO_32_BIT_CONVERSION = YES;
				GCC_WARN_ABOUT_RETURN_TYPE = YES_ERROR;
				GCC_WARN_UNDECLARED_SELECTOR = YES;
				GCC_WARN_UNINITIALIZED_AUTOS = YES_AGGRESSIVE;
				GCC_WARN_UNUSED_FUNCTION = YES;
				GCC_WARN_UNUSED_VARIABLE = YES;
				IPHONEOS_DEPLOYMENT_TARGET = 16.4;
				MTL_ENABLE_DEBUG_INFO = INCLUDE_SOURCE;
				MTL_FAST_MATH = YES;
				ONLY_ACTIVE_ARCH = YES;
				SDKROOT = iphoneos;
				SWIFT_ACTIVE_COMPILATION_CONDITIONS = DEBUG;
				SWIFT_OPTIMIZATION_LEVEL = "-Onone";
			};
			name = Debug;
		};
		109B380529DE481300DCA928 /* Release */ = {
			isa = XCBuildConfiguration;
			buildSettings = {
				ALWAYS_SEARCH_USER_PATHS = NO;
				CLANG_ANALYZER_NONNULL = YES;
				CLANG_ANALYZER_NUMBER_OBJECT_CONVERSION = YES_AGGRESSIVE;
				CLANG_CXX_LANGUAGE_STANDARD = "gnu++20";
				CLANG_ENABLE_MODULES = YES;
				CLANG_ENABLE_OBJC_ARC = YES;
				CLANG_ENABLE_OBJC_WEAK = YES;
				CLANG_WARN_BLOCK_CAPTURE_AUTORELEASING = YES;
				CLANG_WARN_BOOL_CONVERSION = YES;
				CLANG_WARN_COMMA = YES;
				CLANG_WARN_CONSTANT_CONVERSION = YES;
				CLANG_WARN_DEPRECATED_OBJC_IMPLEMENTATIONS = YES;
				CLANG_WARN_DIRECT_OBJC_ISA_USAGE = YES_ERROR;
				CLANG_WARN_DOCUMENTATION_COMMENTS = YES;
				CLANG_WARN_EMPTY_BODY = YES;
				CLANG_WARN_ENUM_CONVERSION = YES;
				CLANG_WARN_INFINITE_RECURSION = YES;
				CLANG_WARN_INT_CONVERSION = YES;
				CLANG_WARN_NON_LITERAL_NULL_CONVERSION = YES;
				CLANG_WARN_OBJC_IMPLICIT_RETAIN_SELF = YES;
				CLANG_WARN_OBJC_LITERAL_CONVERSION = YES;
				CLANG_WARN_OBJC_ROOT_CLASS = YES_ERROR;
				CLANG_WARN_QUOTED_INCLUDE_IN_FRAMEWORK_HEADER = YES;
				CLANG_WARN_RANGE_LOOP_ANALYSIS = YES;
				CLANG_WARN_STRICT_PROTOTYPES = YES;
				CLANG_WARN_SUSPICIOUS_MOVE = YES;
				CLANG_WARN_UNGUARDED_AVAILABILITY = YES_AGGRESSIVE;
				CLANG_WARN_UNREACHABLE_CODE = YES;
				CLANG_WARN__DUPLICATE_METHOD_MATCH = YES;
				COPY_PHASE_STRIP = NO;
				DEBUG_INFORMATION_FORMAT = "dwarf-with-dsym";
				ENABLE_NS_ASSERTIONS = NO;
				ENABLE_STRICT_OBJC_MSGSEND = YES;
				GCC_C_LANGUAGE_STANDARD = gnu11;
				GCC_NO_COMMON_BLOCKS = YES;
				GCC_WARN_64_TO_32_BIT_CONVERSION = YES;
				GCC_WARN_ABOUT_RETURN_TYPE = YES_ERROR;
				GCC_WARN_UNDECLARED_SELECTOR = YES;
				GCC_WARN_UNINITIALIZED_AUTOS = YES_AGGRESSIVE;
				GCC_WARN_UNUSED_FUNCTION = YES;
				GCC_WARN_UNUSED_VARIABLE = YES;
				IPHONEOS_DEPLOYMENT_TARGET = 16.4;
				MTL_ENABLE_DEBUG_INFO = NO;
				MTL_FAST_MATH = YES;
				SDKROOT = iphoneos;
				SWIFT_COMPILATION_MODE = wholemodule;
				SWIFT_OPTIMIZATION_LEVEL = "-O";
				VALIDATE_PRODUCT = YES;
			};
			name = Release;
		};
		109B380729DE481300DCA928 /* Debug */ = {
			isa = XCBuildConfiguration;
			buildSettings = {
				ASSETCATALOG_COMPILER_APPICON_NAME = AppIcon;
				ASSETCATALOG_COMPILER_GLOBAL_ACCENT_COLOR_NAME = AccentColor;
				CODE_SIGN_STYLE = Automatic;
				CURRENT_PROJECT_VERSION = 1;
				DEVELOPMENT_ASSET_PATHS = "\"Fructus/Preview Content\"";
				ENABLE_PREVIEWS = YES;
				GENERATE_INFOPLIST_FILE = YES;
				INFOPLIST_KEY_CFBundleDisplayName = Fructus;
				INFOPLIST_KEY_UIApplicationSceneManifest_Generation = YES;
				INFOPLIST_KEY_UIApplicationSupportsIndirectInputEvents = YES;
				INFOPLIST_KEY_UILaunchScreen_Generation = YES;
				INFOPLIST_KEY_UISupportedInterfaceOrientations = UIInterfaceOrientationPortrait;
				INFOPLIST_KEY_UISupportedInterfaceOrientations_iPad = "UIInterfaceOrientationLandscapeLeft UIInterfaceOrientationLandscapeRight UIInterfaceOrientationPortrait UIInterfaceOrientationPortraitUpsideDown";
				IPHONEOS_DEPLOYMENT_TARGET = 14.0;
				LD_RUNPATH_SEARCH_PATHS = (
					"$(inherited)",
					"@executable_path/Frameworks",
				);
				MARKETING_VERSION = 1.0;
				PRODUCT_BUNDLE_IDENTIFIER = com.mdabirhossain.Fructus;
				PRODUCT_NAME = "$(TARGET_NAME)";
				SUPPORTED_PLATFORMS = "iphoneos iphonesimulator";
				SUPPORTS_MACCATALYST = NO;
				SUPPORTS_MAC_DESIGNED_FOR_IPHONE_IPAD = NO;
				SWIFT_EMIT_LOC_STRINGS = YES;
				SWIFT_VERSION = 5.0;
				TARGETED_DEVICE_FAMILY = 1;
			};
			name = Debug;
		};
		109B380829DE481300DCA928 /* Release */ = {
			isa = XCBuildConfiguration;
			buildSettings = {
				ASSETCATALOG_COMPILER_APPICON_NAME = AppIcon;
				ASSETCATALOG_COMPILER_GLOBAL_ACCENT_COLOR_NAME = AccentColor;
				CODE_SIGN_STYLE = Automatic;
				CURRENT_PROJECT_VERSION = 1;
				DEVELOPMENT_ASSET_PATHS = "\"Fructus/Preview Content\"";
				ENABLE_PREVIEWS = YES;
				GENERATE_INFOPLIST_FILE = YES;
				INFOPLIST_KEY_CFBundleDisplayName = Fructus;
				INFOPLIST_KEY_UIApplicationSceneManifest_Generation = YES;
				INFOPLIST_KEY_UIApplicationSupportsIndirectInputEvents = YES;
				INFOPLIST_KEY_UILaunchScreen_Generation = YES;
				INFOPLIST_KEY_UISupportedInterfaceOrientations = UIInterfaceOrientationPortrait;
				INFOPLIST_KEY_UISupportedInterfaceOrientations_iPad = "UIInterfaceOrientationLandscapeLeft UIInterfaceOrientationLandscapeRight UIInterfaceOrientationPortrait UIInterfaceOrientationPortraitUpsideDown";
				IPHONEOS_DEPLOYMENT_TARGET = 14.0;
				LD_RUNPATH_SEARCH_PATHS = (
					"$(inherited)",
					"@executable_path/Frameworks",
				);
				MARKETING_VERSION = 1.0;
				PRODUCT_BUNDLE_IDENTIFIER = com.mdabirhossain.Fructus;
				PRODUCT_NAME = "$(TARGET_NAME)";
				SUPPORTED_PLATFORMS = "iphoneos iphonesimulator";
				SUPPORTS_MACCATALYST = NO;
				SUPPORTS_MAC_DESIGNED_FOR_IPHONE_IPAD = NO;
				SWIFT_EMIT_LOC_STRINGS = YES;
				SWIFT_VERSION = 5.0;
				TARGETED_DEVICE_FAMILY = 1;
			};
			name = Release;
		};
		109B380A29DE481300DCA928 /* Debug */ = {
			isa = XCBuildConfiguration;
			buildSettings = {
				ALWAYS_EMBED_SWIFT_STANDARD_LIBRARIES = YES;
				BUNDLE_LOADER = "$(TEST_HOST)";
				CODE_SIGN_STYLE = Automatic;
				CURRENT_PROJECT_VERSION = 1;
				GENERATE_INFOPLIST_FILE = YES;
				IPHONEOS_DEPLOYMENT_TARGET = 16.4;
				MARKETING_VERSION = 1.0;
				PRODUCT_BUNDLE_IDENTIFIER = com.mdabirhossain.FructusTests;
				PRODUCT_NAME = "$(TARGET_NAME)";
				SWIFT_EMIT_LOC_STRINGS = NO;
				SWIFT_VERSION = 5.0;
				TARGETED_DEVICE_FAMILY = "1,2";
				TEST_HOST = "$(BUILT_PRODUCTS_DIR)/Fructus.app/$(BUNDLE_EXECUTABLE_FOLDER_PATH)/Fructus";
			};
			name = Debug;
		};
		109B380B29DE481300DCA928 /* Release */ = {
			isa = XCBuildConfiguration;
			buildSettings = {
				ALWAYS_EMBED_SWIFT_STANDARD_LIBRARIES = YES;
				BUNDLE_LOADER = "$(TEST_HOST)";
				CODE_SIGN_STYLE = Automatic;
				CURRENT_PROJECT_VERSION = 1;
				GENERATE_INFOPLIST_FILE = YES;
				IPHONEOS_DEPLOYMENT_TARGET = 16.4;
				MARKETING_VERSION = 1.0;
				PRODUCT_BUNDLE_IDENTIFIER = com.mdabirhossain.FructusTests;
				PRODUCT_NAME = "$(TARGET_NAME)";
				SWIFT_EMIT_LOC_STRINGS = NO;
				SWIFT_VERSION = 5.0;
				TARGETED_DEVICE_FAMILY = "1,2";
				TEST_HOST = "$(BUILT_PRODUCTS_DIR)/Fructus.app/$(BUNDLE_EXECUTABLE_FOLDER_PATH)/Fructus";
			};
			name = Release;
		};
		109B380D29DE481300DCA928 /* Debug */ = {
			isa = XCBuildConfiguration;
			buildSettings = {
				ALWAYS_EMBED_SWIFT_STANDARD_LIBRARIES = YES;
				CODE_SIGN_STYLE = Automatic;
				CURRENT_PROJECT_VERSION = 1;
				GENERATE_INFOPLIST_FILE = YES;
				MARKETING_VERSION = 1.0;
				PRODUCT_BUNDLE_IDENTIFIER = com.mdabirhossain.FructusUITests;
				PRODUCT_NAME = "$(TARGET_NAME)";
				SWIFT_EMIT_LOC_STRINGS = NO;
				SWIFT_VERSION = 5.0;
				TARGETED_DEVICE_FAMILY = "1,2";
				TEST_TARGET_NAME = Fructus;
			};
			name = Debug;
		};
		109B380E29DE481300DCA928 /* Release */ = {
			isa = XCBuildConfiguration;
			buildSettings = {
				ALWAYS_EMBED_SWIFT_STANDARD_LIBRARIES = YES;
				CODE_SIGN_STYLE = Automatic;
				CURRENT_PROJECT_VERSION = 1;
				GENERATE_INFOPLIST_FILE = YES;
				MARKETING_VERSION = 1.0;
				PRODUCT_BUNDLE_IDENTIFIER = com.mdabirhossain.FructusUITests;
				PRODUCT_NAME = "$(TARGET_NAME)";
				SWIFT_EMIT_LOC_STRINGS = NO;
				SWIFT_VERSION = 5.0;
				TARGETED_DEVICE_FAMILY = "1,2";
				TEST_TARGET_NAME = Fructus;
			};
			name = Release;
		};
/* End XCBuildConfiguration section */

/* Begin XCConfigurationList section */
		109B37DD29DE481200DCA928 /* Build configuration list for PBXProject "Fructus" */ = {
			isa = XCConfigurationList;
			buildConfigurations = (
				109B380429DE481300DCA928 /* Debug */,
				109B380529DE481300DCA928 /* Release */,
			);
			defaultConfigurationIsVisible = 0;
			defaultConfigurationName = Release;
		};
		109B380629DE481300DCA928 /* Build configuration list for PBXNativeTarget "Fructus" */ = {
			isa = XCConfigurationList;
			buildConfigurations = (
				109B380729DE481300DCA928 /* Debug */,
				109B380829DE481300DCA928 /* Release */,
			);
			defaultConfigurationIsVisible = 0;
			defaultConfigurationName = Release;
		};
		109B380929DE481300DCA928 /* Build configuration list for PBXNativeTarget "FructusTests" */ = {
			isa = XCConfigurationList;
			buildConfigurations = (
				109B380A29DE481300DCA928 /* Debug */,
				109B380B29DE481300DCA928 /* Release */,
			);
			defaultConfigurationIsVisible = 0;
			defaultConfigurationName = Release;
		};
		109B380C29DE481300DCA928 /* Build configuration list for PBXNativeTarget "FructusUITests" */ = {
			isa = XCConfigurationList;
			buildConfigurations = (
				109B380D29DE481300DCA928 /* Debug */,
				109B380E29DE481300DCA928 /* Release */,
			);
			defaultConfigurationIsVisible = 0;
			defaultConfigurationName = Release;
		};
/* End XCConfigurationList section */
	};
	rootObject = 109B37DA29DE481200DCA928 /* Project object */;
}
